
Microsoft Visual Studio Solution File, Format Version 12.00
Project("{FAE04EC0-301F-11D3-BF4B-00C04F79EFBC}") = "NewPortal.Server", "NewPortal.Server\NewPortal.Server.csproj", "{2B8896F2-1D95-46EE-A44F-1CA72F122BA1}"
EndProject
Global
	GlobalSection(SolutionConfigurationPlatforms) = preSolution
		Debug|Any CPU = Debug|Any CPU
		Release|Any CPU = Release|Any CPU
	EndGlobalSection
	GlobalSection(ProjectConfigurationPlatforms) = postSolution
		{2B8896F2-1D95-46EE-A44F-1CA72F122BA1}.Debug|Any CPU.ActiveCfg = Debug|Any CPU
		{2B8896F2-1D95-46EE-A44F-1CA72F122BA1}.Debug|Any CPU.Build.0 = Debug|Any CPU
		{2B8896F2-1D95-46EE-A44F-1CA72F122BA1}.Release|Any CPU.ActiveCfg = Release|Any CPU
		{2B8896F2-1D95-46EE-A44F-1CA72F122BA1}.Release|Any CPU.Build.0 = Release|Any CPU
	EndGlobalSection
EndGlobal
